
Microsoft Visual Studio Solution File, Format Version 12.00
# Visual Studio Version 16
VisualStudioVersion = 16.0.29306.81
MinimumVisualStudioVersion = 10.0.40219.1
Project("{FAE04EC0-301F-11D3-BF4B-00C04F79EFBC}") = "NunitSelenium", "NunitSelenium.csproj", "{57206069-AD31-4315-8065-89F030BEE199}"
EndProject
Global
	GlobalSection(SolutionConfigurationPlatforms) = preSolution
		Debug|Any CPU = Debug|Any CPU
		Release|Any CPU = Release|Any CPU
	EndGlobalSection
	GlobalSection(ProjectConfigurationPlatforms) = postSolution
		{57206069-AD31-4315-8065-89F030BEE199}.Debug|Any CPU.ActiveCfg = Debug|Any CPU
		{57206069-AD31-4315-8065-89F030BEE199}.Debug|Any CPU.Build.0 = Debug|Any CPU
		{57206069-AD31-4315-8065-89F030BEE199}.Release|Any CPU.ActiveCfg = Release|Any CPU
		{57206069-AD31-4315-8065-89F030BEE199}.Release|Any CPU.Build.0 = Release|Any CPU
	EndGlobalSection
	GlobalSection(SolutionProperties) = preSolution
		HideSolutionNode = FALSE
	EndGlobalSection
	GlobalSection(ExtensibilityGlobals) = postSolution
		SolutionGuid = {4D918070-D462-40B4-880A-A1B0E634A783}
	EndGlobalSection
EndGlobal
